
Microsoft Visual Studio Solution File, Format Version 12.00
# Visual Studio Version 17
VisualStudioVersion = 17.9.34728.123
MinimumVisualStudioVersion = 10.0.40219.1
Project("{FAE04EC0-301F-11D3-BF4B-00C04F79EFBC}") = "CachimbitoSmoke", "CachimbitoSmoke.csproj", "{B850AAF6-A437-430C-A71E-485A7BACC9FD}"
EndProject
Project("{FAE04EC0-301F-11D3-BF4B-00C04F79EFBC}") = "CachimbitoSmoke.API", "..\CachimbitoSmoke.API\CachimbitoSmoke.API.csproj", "{BAA24272-978D-4D3A-AA22-2A30F6920501}"
EndProject
Global
	GlobalSection(SolutionConfigurationPlatforms) = preSolution
		Debug|Any CPU = Debug|Any CPU
		Release|Any CPU = Release|Any CPU
	EndGlobalSection
	GlobalSection(ProjectConfigurationPlatforms) = postSolution
		{B850AAF6-A437-430C-A71E-485A7BACC9FD}.Debug|Any CPU.ActiveCfg = Debug|Any CPU
		{B850AAF6-A437-430C-A71E-485A7BACC9FD}.Debug|Any CPU.Build.0 = Debug|Any CPU
		{B850AAF6-A437-430C-A71E-485A7BACC9FD}.Release|Any CPU.ActiveCfg = Release|Any CPU
		{B850AAF6-A437-430C-A71E-485A7BACC9FD}.Release|Any CPU.Build.0 = Release|Any CPU
		{BAA24272-978D-4D3A-AA22-2A30F6920501}.Debug|Any CPU.ActiveCfg = Debug|Any CPU
		{BAA24272-978D-4D3A-AA22-2A30F6920501}.Debug|Any CPU.Build.0 = Debug|Any CPU
		{BAA24272-978D-4D3A-AA22-2A30F6920501}.Release|Any CPU.ActiveCfg = Release|Any CPU
		{BAA24272-978D-4D3A-AA22-2A30F6920501}.Release|Any CPU.Build.0 = Release|Any CPU
	EndGlobalSection
	GlobalSection(SolutionProperties) = preSolution
		HideSolutionNode = FALSE
	EndGlobalSection
	GlobalSection(ExtensibilityGlobals) = postSolution
		SolutionGuid = {3E7AA788-CB69-4F92-BCBA-8AA576E8936C}
	EndGlobalSection
EndGlobal
